PODS:
  - Alamofire (4.6.0)
  - AlamofireObjectMapper (5.0.0):
    - Alamofire (~> 4.1)
    - ObjectMapper (~> 3.0)
  - CDYelpFusionKit (1.5.0):
    - AlamofireObjectMapper (= 5.0.0)
  - Device (3.0.3)
  - ObjectMapper (3.1.0)
  - SwiftSoup (1.6.1)

DEPENDENCIES:
  - CDYelpFusionKit (= 1.5.0)
  - Device
  - SwiftSoup

SPEC CHECKSUMS:
  Alamofire: f41a599bd63041760b26d393ec1069d9d7b917f4
  AlamofireObjectMapper: 5fafc816351cbbc0d486611aaeba7461c0cbad49
  CDYelpFusionKit: 665cf3881bff25db3a47ca3a4e3497e3a1ea552a
  Device: 9a5264ee4e0f392e7153d2c46b10c8df46b7aad2
  ObjectMapper: 20505058f54e5c3ca69e1d6de9897d152a5369a6
  SwiftSoup: 1eedf56f751b36035ae6c95562f86944c9cfafee

PODFILE CHECKSUM: c6768706d5dc9a80c285f1a62aac6c5b75197f64

COCOAPODS: 1.4.0
