PODS:
  - Alamofire (4.9.1)
  - AlamofireObjectMapper (5.2.0):
    - Alamofire (~> 4.7)
    - ObjectMapper (~> 3.4)
  - Bugsnag (5.23.0)
  - CDYelpFusionKit (1.5.1):
    - AlamofireObjectMapper (= 5.2.0)
  - Device (3.2.1)
  - Mixpanel-swift (2.7.0):
    - Mixpanel-swift/Complete (= 2.7.0)
  - Mixpanel-swift/Complete (2.7.0)
  - ObjectMapper (3.5.1)
  - SwiftSoup (2.3.0)

DEPENDENCIES:
  - Bugsnag
  - CDYelpFusionKit
  - Device
  - Mixpanel-swift
  - SwiftSoup

SPEC REPOS:
  trunk:
    - Alamofire
    - AlamofireObjectMapper
    - Bugsnag
    - CDYelpFusionKit
    - Device
    - Mixpanel-swift
    - ObjectMapper
    - SwiftSoup

SPEC CHECKSUMS:
  Alamofire: 85e8a02c69d6020a0d734f6054870d7ecb75cf18
  AlamofireObjectMapper: 92b6ce2423a9d159e686f6a1d514a009bf903ddc
  Bugsnag: 1f33ee5b55bc4b131a30e0fe6db714da9c6609f6
  CDYelpFusionKit: 94a7802fa23ef0eb78514c8a6f246f55b6bc91f0
  Device: 0738862dd8a30856b4bd9e21cb9b728873d21392
  Mixpanel-swift: af074beb44bdac38ab611e1d575a073bbb3d6780
  ObjectMapper: 70187b8941977c62ccfb423caf6b50be405cabf0
  SwiftSoup: d78683f7ea0ae5733225a9e1d3bee5b256449df4

PODFILE CHECKSUM: 9734fa6f6456cdd7499def0cded1bbf2f8c034ab

COCOAPODS: 1.8.4
